// !$*UTF8*$!
{
	archiveVersion = 1;
	classes = {
	};
	objectVersion = 46;
	objects = {

/* Begin PBXBuildFile section */
		80C3F7E01A1D1BC200515C92 /* Filter.component in CopyFiles */ = {isa = PBXBuildFile; fileRef = 8D01CCD20486CAD60068D4B7 /* Filter.component */; };
		80C3F7E11A1D1BC200515C92 /* CocoaFilterView.bundle in CopyFiles */ = {isa = PBXBuildFile; fileRef = 8BA4AE4E073EB69000A2709A /* CocoaFilterView.bundle */; };
		8BA05AFC072074E100365D66 /* AudioToolbox.framework in Frameworks */ = {isa = PBXBuildFile; fileRef = 8BA05AF9072074E100365D66 /* AudioToolbox.framework */; };
		8BA05AFD072074E100365D66 /* AudioUnit.framework in Frameworks */ = {isa = PBXBuildFile; fileRef = 8BA05AFA072074E100365D66 /* AudioUnit.framework */; };
		8BA05B02072074F900365D66 /* CoreServices.framework in Frameworks */ = {isa = PBXBuildFile; fileRef = 8BA05B01072074F900365D66 /* CoreServices.framework */; };
		8BA4AE5C073EB79000A2709A /* Cocoa.framework in Frameworks */ = {isa = PBXBuildFile; fileRef = 8BA4AE5B073EB79000A2709A /* Cocoa.framework */; };
		8BA4AE5D073EB7C300A2709A /* Cocoa.framework in Frameworks */ = {isa = PBXBuildFile; fileRef = 8BA4AE5B073EB79000A2709A /* Cocoa.framework */; };
		8D01CCCA0486CAD60068D4B7 /* InfoPlist.strings in Resources */ = {isa = PBXBuildFile; fileRef = 089C167DFE841241C02AAC07 /* InfoPlist.strings */; };
		ED06E16F1A1B0D6700225E1C /* SpectrumAU-Prefix.pch in Headers */ = {isa = PBXBuildFile; fileRef = ED06E16D1A1B0D6700225E1C /* SpectrumAU-Prefix.pch */; };
		ED06E1741A1B0D7B00225E1C /* SpectrumCocoaView-Prefix.pch in Headers */ = {isa = PBXBuildFile; fileRef = ED06E1711A1B0D7B00225E1C /* SpectrumCocoaView-Prefix.pch */; };
		ED06E1781A1B147300225E1C /* SimpleSpectrum.exp in Sources */ = {isa = PBXBuildFile; fileRef = ED5014681A11982A00FD22F4 /* SimpleSpectrum.exp */; };
		ED1D5B5A1A13EC30008B8A5A /* SpectrumCocoaView-Prefix.pch in Headers */ = {isa = PBXBuildFile; fileRef = ED1E32D21A12D22900F44531 /* SpectrumCocoaView-Prefix.pch */; };
		ED1D5B5B1A13EC67008B8A5A /* SpectrumCocoaView-Info.plist in Resources */ = {isa = PBXBuildFile; fileRef = ED1E32D11A12D22900F44531 /* SpectrumCocoaView-Info.plist */; };
		ED1D5B5C1A13EC6B008B8A5A /* SpectrumView.xib in Resources */ = {isa = PBXBuildFile; fileRef = ED1E32D31A12D22900F44531 /* SpectrumView.xib */; };
		ED1D5B5D1A13EC75008B8A5A /* Info.plist in Resources */ = {isa = PBXBuildFile; fileRef = 8D01CCD10486CAD60068D4B7 /* Info.plist */; };
		ED1E32CF1A12D21600F44531 /* SpectrumAU-Info.plist in Resources */ = {isa = PBXBuildFile; fileRef = ED1E32CD1A12D21600F44531 /* SpectrumAU-Info.plist */; };
		ED1E32D01A12D21600F44531 /* SpectrumAU-Prefix.pch in Headers */ = {isa = PBXBuildFile; fileRef = ED1E32CE1A12D21600F44531 /* SpectrumAU-Prefix.pch */; };
		ED1E32D41A12D22900F44531 /* SpectrumCocoaView-Info.plist in Resources */ = {isa = PBXBuildFile; fileRef = ED1E32D11A12D22900F44531 /* SpectrumCocoaView-Info.plist */; };
		ED1E32D51A12D22900F44531 /* SpectrumCocoaView-Prefix.pch in Headers */ = {isa = PBXBuildFile; fileRef = ED1E32D21A12D22900F44531 /* SpectrumCocoaView-Prefix.pch */; };
		ED1E32D61A12D22900F44531 /* SpectrumView.xib in Resources */ = {isa = PBXBuildFile; fileRef = ED1E32D31A12D22900F44531 /* SpectrumView.xib */; };
		ED50138C1A1197DF00FD22F4 /* AudioToolbox.framework in Frameworks */ = {isa = PBXBuildFile; fileRef = ED5012B51A1197DF00FD22F4 /* AudioToolbox.framework */; };
		ED5014541A1197DF00FD22F4 /* vecLib.framework in Frameworks */ = {isa = PBXBuildFile; fileRef = ED50138B1A1197DF00FD22F4 /* vecLib.framework */; };
		ED50145C1A11981600FD22F4 /* SimpleSpectrum_GraphView.h in Headers */ = {isa = PBXBuildFile; fileRef = ED5014551A11981600FD22F4 /* SimpleSpectrum_GraphView.h */; };
		ED50145E1A11981600FD22F4 /* SimpleSpectrum_GraphView.mm in Sources */ = {isa = PBXBuildFile; fileRef = ED5014561A11981600FD22F4 /* SimpleSpectrum_GraphView.mm */; };
		ED5014601A11981600FD22F4 /* SimpleSpectrum_UIView.h in Headers */ = {isa = PBXBuildFile; fileRef = ED5014571A11981600FD22F4 /* SimpleSpectrum_UIView.h */; };
		ED5014621A11981600FD22F4 /* SimpleSpectrum_UIView.mm in Sources */ = {isa = PBXBuildFile; fileRef = ED5014581A11981600FD22F4 /* SimpleSpectrum_UIView.mm */; };
		ED5014641A11981600FD22F4 /* SimpleSpectrum_ViewFactory.h in Headers */ = {isa = PBXBuildFile; fileRef = ED5014591A11981600FD22F4 /* SimpleSpectrum_ViewFactory.h */; };
		ED5014661A11981600FD22F4 /* SimpleSpectrum_ViewFactory.mm in Sources */ = {isa = PBXBuildFile; fileRef = ED50145A1A11981600FD22F4 /* SimpleSpectrum_ViewFactory.mm */; };
		ED50146F1A11982A00FD22F4 /* SimpleSpectrum.cpp in Sources */ = {isa = PBXBuildFile; fileRef = ED5014671A11982A00FD22F4 /* SimpleSpectrum.cpp */; };
		ED5014731A11982A00FD22F4 /* SimpleSpectrum.h in Headers */ = {isa = PBXBuildFile; fileRef = ED5014691A11982A00FD22F4 /* SimpleSpectrum.h */; };
		ED5014761A11982A00FD22F4 /* SimpleSpectrumProcessor.cpp in Sources */ = {isa = PBXBuildFile; fileRef = ED50146B1A11982A00FD22F4 /* SimpleSpectrumProcessor.cpp */; };
		ED5014781A11982A00FD22F4 /* SimpleSpectrumProcessor.h in Headers */ = {isa = PBXBuildFile; fileRef = ED50146C1A11982A00FD22F4 /* SimpleSpectrumProcessor.h */; };
		ED50147A1A11982A00FD22F4 /* SimpleSpectrumSharedData.h in Headers */ = {isa = PBXBuildFile; fileRef = ED50146D1A11982A00FD22F4 /* SimpleSpectrumSharedData.h */; };
		ED50147C1A11982A00FD22F4 /* SimpleSpectrumVersion.h in Headers */ = {isa = PBXBuildFile; fileRef = ED50146E1A11982A00FD22F4 /* SimpleSpectrumVersion.h */; };
		EDD2A0F91A12E61800E719BF /* CoreAudio.framework in Frameworks */ = {isa = PBXBuildFile; fileRef = 8BA05AFB072074E100365D66 /* CoreAudio.framework */; };
		EDD2A0FC1A12ECCD00E719BF /* Foundation.framework in Frameworks */ = {isa = PBXBuildFile; fileRef = EDD2A0FB1A12ECCD00E719BF /* Foundation.framework */; };
		EDD2A0FE1A12ECE600E719BF /* AppKit.framework in Frameworks */ = {isa = PBXBuildFile; fileRef = EDD2A0FD1A12ECE600E719BF /* AppKit.framework */; };
		EDD2A1001A12EF5300E719BF /* CoreAudioKit.framework in Frameworks */ = {isa = PBXBuildFile; fileRef = EDD2A0FF1A12EF5300E719BF /* CoreAudioKit.framework */; };
		EDD2A1021A12F00E00E719BF /* CoreAudio.framework in Frameworks */ = {isa = PBXBuildFile; fileRef = EDD2A1011A12F00E00E719BF /* CoreAudio.framework */; };
		EDD2A1041A12F02500E719BF /* Foundation.framework in Frameworks */ = {isa = PBXBuildFile; fileRef = EDD2A1031A12F02500E719BF /* Foundation.framework */; };
		EDD2A1051A12F03B00E719BF /* vecLib.framework in Frameworks */ = {isa = PBXBuildFile; fileRef = ED50138B1A1197DF00FD22F4 /* vecLib.framework */; };
		EDD2A1061A12F04D00E719BF /* AppKit.framework in Frameworks */ = {isa = PBXBuildFile; fileRef = EDD2A0FD1A12ECE600E719BF /* AppKit.framework */; settings = {ATTRIBUTES = (Required, ); }; };
		EDD2A1071A12F04D00E719BF /* AudioToolbox.framework in Frameworks */ = {isa = PBXBuildFile; fileRef = ED5012B51A1197DF00FD22F4 /* AudioToolbox.framework */; };
		EDD2A1081A12F04D00E719BF /* AudioUnit.framework in Frameworks */ = {isa = PBXBuildFile; fileRef = ED5012B61A1197DF00FD22F4 /* AudioUnit.framework */; };
		EDD2A1091A12F04D00E719BF /* CoreServices.framework in Frameworks */ = {isa = PBXBuildFile; fileRef = ED50138A1A1197DF00FD22F4 /* CoreServices.framework */; };
		EDD2A10A1A12F04D00E719BF /* Foundation.framework in Frameworks */ = {isa = PBXBuildFile; fileRef = EDD2A0FB1A12ECCD00E719BF /* Foundation.framework */; };
		EDD2A10B1A12F16D00E719BF /* CoreAudioKit.framework in Frameworks */ = {isa = PBXBuildFile; fileRef = EDD2A0FF1A12EF5300E719BF /* CoreAudioKit.framework */; };
		EDF0183E1A1C2B9F000F39A8 /* AUBase.cpp in Sources */ = {isa = PBXBuildFile; fileRef = EDF017F01A1C2B9F000F39A8 /* AUBase.cpp */; };
		EDF0183F1A1C2B9F000F39A8 /* AUBase.h in Headers */ = {isa = PBXBuildFile; fileRef = EDF017F11A1C2B9F000F39A8 /* AUBase.h */; };
		EDF018421A1C2B9F000F39A8 /* AUInputElement.cpp in Sources */ = {isa = PBXBuildFile; fileRef = EDF017F41A1C2B9F000F39A8 /* AUInputElement.cpp */; };
		EDF018431A1C2B9F000F39A8 /* AUInputElement.h in Headers */ = {isa = PBXBuildFile; fileRef = EDF017F51A1C2B9F000F39A8 /* AUInputElement.h */; };
		EDF018441A1C2B9F000F39A8 /* AUOutputElement.cpp in Sources */ = {isa = PBXBuildFile; fileRef = EDF017F61A1C2B9F000F39A8 /* AUOutputElement.cpp */; };
		EDF018451A1C2B9F000F39A8 /* AUOutputElement.h in Headers */ = {isa = PBXBuildFile; fileRef = EDF017F71A1C2B9F000F39A8 /* AUOutputElement.h */; };
		EDF018461A1C2B9F000F39A8 /* AUPlugInDispatch.cpp in Sources */ = {isa = PBXBuildFile; fileRef = EDF017F81A1C2B9F000F39A8 /* AUPlugInDispatch.cpp */; };
		EDF018471A1C2B9F000F39A8 /* AUPlugInDispatch.h in Headers */ = {isa = PBXBuildFile; fileRef = EDF017F91A1C2B9F000F39A8 /* AUPlugInDispatch.h */; };
		EDF018481A1C2B9F000F39A8 /* AUScopeElement.cpp in Sources */ = {isa = PBXBuildFile; fileRef = EDF017FA1A1C2B9F000F39A8 /* AUScopeElement.cpp */; };
		EDF018491A1C2B9F000F39A8 /* AUScopeElement.h in Headers */ = {isa = PBXBuildFile; fileRef = EDF017FB1A1C2B9F000F39A8 /* AUScopeElement.h */; };
		EDF0184A1A1C2B9F000F39A8 /* ComponentBase.cpp in Sources */ = {isa = PBXBuildFile; fileRef = EDF017FC1A1C2B9F000F39A8 /* ComponentBase.cpp */; };
		EDF0184B1A1C2B9F000F39A8 /* ComponentBase.h in Headers */ = {isa = PBXBuildFile; fileRef = EDF017FD1A1C2B9F000F39A8 /* ComponentBase.h */; };
		EDF0184C1A1C2B9F000F39A8 /* AUInstrumentBase.cpp in Sources */ = {isa = PBXBuildFile; fileRef = EDF017FF1A1C2B9F000F39A8 /* AUInstrumentBase.cpp */; };
		EDF0184D1A1C2B9F000F39A8 /* AUInstrumentBase.h in Headers */ = {isa = PBXBuildFile; fileRef = EDF018001A1C2B9F000F39A8 /* AUInstrumentBase.h */; };
		EDF0184E1A1C2B9F000F39A8 /* LockFreeFIFO.h in Headers */ = {isa = PBXBuildFile; fileRef = EDF018011A1C2B9F000F39A8 /* LockFreeFIFO.h */; };
		EDF0184F1A1C2B9F000F39A8 /* MIDIControlHandler.h in Headers */ = {isa = PBXBuildFile; fileRef = EDF018021A1C2B9F000F39A8 /* MIDIControlHandler.h */; };
		EDF018501A1C2B9F000F39A8 /* SynthElement.cpp in Sources */ = {isa = PBXBuildFile; fileRef = EDF018031A1C2B9F000F39A8 /* SynthElement.cpp */; };
		EDF018511A1C2B9F000F39A8 /* SynthElement.h in Headers */ = {isa = PBXBuildFile; fileRef = EDF018041A1C2B9F000F39A8 /* SynthElement.h */; };
		EDF018521A1C2B9F000F39A8 /* SynthEvent.h in Headers */ = {isa = PBXBuildFile; fileRef = EDF018051A1C2B9F000F39A8 /* SynthEvent.h */; };
		EDF018531A1C2B9F000F39A8 /* SynthNote.cpp in Sources */ = {isa = PBXBuildFile; fileRef = EDF018061A1C2B9F000F39A8 /* SynthNote.cpp */; };
		EDF018541A1C2B9F000F39A8 /* SynthNote.h in Headers */ = {isa = PBXBuildFile; fileRef = EDF018071A1C2B9F000F39A8 /* SynthNote.h */; };
		EDF018551A1C2B9F000F39A8 /* SynthNoteList.cpp in Sources */ = {isa = PBXBuildFile; fileRef = EDF018081A1C2B9F000F39A8 /* SynthNoteList.cpp */; };
		EDF018561A1C2B9F000F39A8 /* SynthNoteList.h in Headers */ = {isa = PBXBuildFile; fileRef = EDF018091A1C2B9F000F39A8 /* SynthNoteList.h */; };
		EDF018571A1C2B9F000F39A8 /* AUEffectBase.cpp in Sources */ = {isa = PBXBuildFile; fileRef = EDF0180B1A1C2B9F000F39A8 /* AUEffectBase.cpp */; };
		EDF018581A1C2B9F000F39A8 /* AUEffectBase.h in Headers */ = {isa = PBXBuildFile; fileRef = EDF0180C1A1C2B9F000F39A8 /* AUEffectBase.h */; };
		EDF018591A1C2B9F000F39A8 /* AUMIDIBase.cpp in Sources */ = {isa = PBXBuildFile; fileRef = EDF0180D1A1C2B9F000F39A8 /* AUMIDIBase.cpp */; };
		EDF0185A1A1C2B9F000F39A8 /* AUMIDIBase.h in Headers */ = {isa = PBXBuildFile; fileRef = EDF0180E1A1C2B9F000F39A8 /* AUMIDIBase.h */; };
		EDF0185B1A1C2B9F000F39A8 /* MusicDeviceBase.cpp in Sources */ = {isa = PBXBuildFile; fileRef = EDF0180F1A1C2B9F000F39A8 /* MusicDeviceBase.cpp */; };
		EDF0185C1A1C2B9F000F39A8 /* MusicDeviceBase.h in Headers */ = {isa = PBXBuildFile; fileRef = EDF018101A1C2B9F000F39A8 /* MusicDeviceBase.h */; };
		EDF0185D1A1C2B9F000F39A8 /* AUBaseHelper.cpp in Sources */ = {isa = PBXBuildFile; fileRef = EDF018121A1C2B9F000F39A8 /* AUBaseHelper.cpp */; };
		EDF0185E1A1C2B9F000F39A8 /* AUBaseHelper.h in Headers */ = {isa = PBXBuildFile; fileRef = EDF018131A1C2B9F000F39A8 /* AUBaseHelper.h */; };
		EDF0185F1A1C2B9F000F39A8 /* AUBuffer.cpp in Sources */ = {isa = PBXBuildFile; fileRef = EDF018141A1C2B9F000F39A8 /* AUBuffer.cpp */; };
		EDF018601A1C2B9F000F39A8 /* AUBuffer.h in Headers */ = {isa = PBXBuildFile; fileRef = EDF018151A1C2B9F000F39A8 /* AUBuffer.h */; };
		EDF018611A1C2B9F000F39A8 /* AUMIDIDefs.h in Headers */ = {isa = PBXBuildFile; fileRef = EDF018161A1C2B9F000F39A8 /* AUMIDIDefs.h */; };
		EDF018621A1C2B9F000F39A8 /* AUSilentTimeout.h in Headers */ = {isa = PBXBuildFile; fileRef = EDF018171A1C2B9F000F39A8 /* AUSilentTimeout.h */; };
		EDF018631A1C2B9F000F39A8 /* CAAtomic.h in Headers */ = {isa = PBXBuildFile; fileRef = EDF018191A1C2B9F000F39A8 /* CAAtomic.h */; };
		EDF018641A1C2B9F000F39A8 /* CAAtomicStack.h in Headers */ = {isa = PBXBuildFile; fileRef = EDF0181A1A1C2B9F000F39A8 /* CAAtomicStack.h */; };
		EDF018651A1C2B9F000F39A8 /* CAAudioChannelLayout.cpp in Sources */ = {isa = PBXBuildFile; fileRef = EDF0181B1A1C2B9F000F39A8 /* CAAudioChannelLayout.cpp */; };
		EDF018661A1C2B9F000F39A8 /* CAAudioChannelLayout.h in Headers */ = {isa = PBXBuildFile; fileRef = EDF0181C1A1C2B9F000F39A8 /* CAAudioChannelLayout.h */; };
		EDF018671A1C2B9F000F39A8 /* CAAudioChannelLayoutObject.cpp in Sources */ = {isa = PBXBuildFile; fileRef = EDF0181D1A1C2B9F000F39A8 /* CAAudioChannelLayoutObject.cpp */; };
		EDF018681A1C2B9F000F39A8 /* CAAUMIDIMap.cpp in Sources */ = {isa = PBXBuildFile; fileRef = EDF0181E1A1C2B9F000F39A8 /* CAAUMIDIMap.cpp */; };
		EDF018691A1C2B9F000F39A8 /* CAAUMIDIMap.h in Headers */ = {isa = PBXBuildFile; fileRef = EDF0181F1A1C2B9F000F39A8 /* CAAUMIDIMap.h */; };
		EDF0186A1A1C2B9F000F39A8 /* CAAUMIDIMapManager.cpp in Sources */ = {isa = PBXBuildFile; fileRef = EDF018201A1C2B9F000F39A8 /* CAAUMIDIMapManager.cpp */; };
		EDF0186B1A1C2B9F000F39A8 /* CAAUMIDIMapManager.h in Headers */ = {isa = PBXBuildFile; fileRef = EDF018211A1C2B9F000F39A8 /* CAAUMIDIMapManager.h */; };
		EDF0186C1A1C2B9F000F39A8 /* CAAutoDisposer.h in Headers */ = {isa = PBXBuildFile; fileRef = EDF018221A1C2B9F000F39A8 /* CAAutoDisposer.h */; };
		EDF0186D1A1C2B9F000F39A8 /* CABufferList.cpp in Sources */ = {isa = PBXBuildFile; fileRef = EDF018231A1C2B9F000F39A8 /* CABufferList.cpp */; };
		EDF0186E1A1C2B9F000F39A8 /* CABufferList.h in Headers */ = {isa = PBXBuildFile; fileRef = EDF018241A1C2B9F000F39A8 /* CABufferList.h */; };
		EDF0186F1A1C2B9F000F39A8 /* CAByteOrder.h in Headers */ = {isa = PBXBuildFile; fileRef = EDF018251A1C2B9F000F39A8 /* CAByteOrder.h */; };
		EDF018701A1C2B9F000F39A8 /* CADebugger.cpp in Sources */ = {isa = PBXBuildFile; fileRef = EDF018261A1C2B9F000F39A8 /* CADebugger.cpp */; };
		EDF018711A1C2B9F000F39A8 /* CADebugger.h in Headers */ = {isa = PBXBuildFile; fileRef = EDF018271A1C2B9F000F39A8 /* CADebugger.h */; };
		EDF018721A1C2B9F000F39A8 /* CADebugMacros.cpp in Sources */ = {isa = PBXBuildFile; fileRef = EDF018281A1C2B9F000F39A8 /* CADebugMacros.cpp */; };
		EDF018731A1C2B9F000F39A8 /* CADebugMacros.h in Headers */ = {isa = PBXBuildFile; fileRef = EDF018291A1C2B9F000F39A8 /* CADebugMacros.h */; };
		EDF018741A1C2B9F000F39A8 /* CADebugPrintf.cpp in Sources */ = {isa = PBXBuildFile; fileRef = EDF0182A1A1C2B9F000F39A8 /* CADebugPrintf.cpp */; };
		EDF018751A1C2B9F000F39A8 /* CADebugPrintf.h in Headers */ = {isa = PBXBuildFile; fileRef = EDF0182B1A1C2B9F000F39A8 /* CADebugPrintf.h */; };
		EDF018761A1C2B9F000F39A8 /* CAException.h in Headers */ = {isa = PBXBuildFile; fileRef = EDF0182C1A1C2B9F000F39A8 /* CAException.h */; };
		EDF018771A1C2B9F000F39A8 /* CAGuard.cpp in Sources */ = {isa = PBXBuildFile; fileRef = EDF0182D1A1C2B9F000F39A8 /* CAGuard.cpp */; };
		EDF018781A1C2B9F000F39A8 /* CAGuard.h in Headers */ = {isa = PBXBuildFile; fileRef = EDF0182E1A1C2B9F000F39A8 /* CAGuard.h */; };
		EDF018791A1C2B9F000F39A8 /* CAHostTimeBase.cpp in Sources */ = {isa = PBXBuildFile; fileRef = EDF0182F1A1C2B9F000F39A8 /* CAHostTimeBase.cpp */; };
		EDF0187A1A1C2B9F000F39A8 /* CAHostTimeBase.h in Headers */ = {isa = PBXBuildFile; fileRef = EDF018301A1C2B9F000F39A8 /* CAHostTimeBase.h */; };
		EDF0187B1A1C2B9F000F39A8 /* CALogMacros.h in Headers */ = {isa = PBXBuildFile; fileRef = EDF018311A1C2B9F000F39A8 /* CALogMacros.h */; };
		EDF0187C1A1C2B9F000F39A8 /* CAMath.h in Headers */ = {isa = PBXBuildFile; fileRef = EDF018321A1C2B9F000F39A8 /* CAMath.h */; };
		EDF0187D1A1C2B9F000F39A8 /* CAMutex.cpp in Sources */ = {isa = PBXBuildFile; fileRef = EDF018331A1C2B9F000F39A8 /* CAMutex.cpp */; };
		EDF0187E1A1C2B9F000F39A8 /* CAMutex.h in Headers */ = {isa = PBXBuildFile; fileRef = EDF018341A1C2B9F000F39A8 /* CAMutex.h */; };
		EDF0187F1A1C2B9F000F39A8 /* CAReferenceCounted.h in Headers */ = {isa = PBXBuildFile; fileRef = EDF018351A1C2B9F000F39A8 /* CAReferenceCounted.h */; };
		EDF018801A1C2B9F000F39A8 /* CAStreamBasicDescription.cpp in Sources */ = {isa = PBXBuildFile; fileRef = EDF018361A1C2B9F000F39A8 /* CAStreamBasicDescription.cpp */; };
		EDF018811A1C2B9F000F39A8 /* CAStreamBasicDescription.h in Headers */ = {isa = PBXBuildFile; fileRef = EDF018371A1C2B9F000F39A8 /* CAStreamBasicDescription.h */; };
		EDF018821A1C2B9F000F39A8 /* CAThreadSafeList.h in Headers */ = {isa = PBXBuildFile; fileRef = EDF018381A1C2B9F000F39A8 /* CAThreadSafeList.h */; };
		EDF018831A1C2B9F000F39A8 /* CAVectorUnit.cpp in Sources */ = {isa = PBXBuildFile; fileRef = EDF018391A1C2B9F000F39A8 /* CAVectorUnit.cpp */; };
		EDF018841A1C2B9F000F39A8 /* CAVectorUnit.h in Headers */ = {isa = PBXBuildFile; fileRef = EDF0183A1A1C2B9F000F39A8 /* CAVectorUnit.h */; };
		EDF018851A1C2B9F000F39A8 /* CAVectorUnitTypes.h in Headers */ = {isa = PBXBuildFile; fileRef = EDF0183B1A1C2B9F000F39A8 /* CAVectorUnitTypes.h */; };
		EDF018861A1C2B9F000F39A8 /* CAXException.cpp in Sources */ = {isa = PBXBuildFile; fileRef = EDF0183C1A1C2B9F000F39A8 /* CAXException.cpp */; };
		EDF018871A1C2B9F000F39A8 /* CAXException.h in Headers */ = {isa = PBXBuildFile; fileRef = EDF0183D1A1C2B9F000F39A8 /* CAXException.h */; };
		EDF018891A1C2BDF000F39A8 /* CABitOperations.h in Headers */ = {isa = PBXBuildFile; fileRef = EDF018881A1C2BDF000F39A8 /* CABitOperations.h */; };
/* End PBXBuildFile section */

/* Begin PBXContainerItemProxy section */
		8B707175074BC40400FFC872 /* PBXContainerItemProxy */ = {
			isa = PBXContainerItemProxy;
			containerPortal = 089C1669FE841209C02AAC07 /* Project object */;
			proxyType = 1;
			remoteGlobalIDString = 8BA4AE4D073EB69000A2709A;
			remoteInfo = CocoaUI;
		};
/* End PBXContainerItemProxy section */

/* Begin PBXCopyFilesBuildPhase section */
		8BA4AE65073EBB1B00A2709A /* CopyFiles */ = {
			isa = PBXCopyFilesBuildPhase;
			buildActionMask = 2147483647;
			dstPath = "$(USER_LIBRARY_DIR)/Audio/Plug-Ins/Components";
			dstSubfolderSpec = 0;
			files = (
				80C3F7E01A1D1BC200515C92 /* Filter.component in CopyFiles */,
				80C3F7E11A1D1BC200515C92 /* CocoaFilterView.bundle in CopyFiles */,
			);
			runOnlyForDeploymentPostprocessing = 0;
		};
/* End PBXCopyFilesBuildPhase section */

/* Begin PBXFileReference section */
		089C167EFE841241C02AAC07 /* English */ = {isa = PBXFileReference; fileEncoding = 10; lastKnownFileType = text.plist.strings; name = English; path = English.lproj/InfoPlist.strings; sourceTree = "<group>"; };
		8BA05AF9072074E100365D66 /* AudioToolbox.framework */ = {isa = PBXFileReference; lastKnownFileType = wrapper.framework; name = AudioToolbox.framework; path = /System/Library/Frameworks/AudioToolbox.framework; sourceTree = "<absolute>"; };
		8BA05AFA072074E100365D66 /* AudioUnit.framework */ = {isa = PBXFileReference; lastKnownFileType = wrapper.framework; name = AudioUnit.framework; path = /System/Library/Frameworks/AudioUnit.framework; sourceTree = "<absolute>"; };
		8BA05AFB072074E100365D66 /* CoreAudio.framework */ = {isa = PBXFileReference; lastKnownFileType = wrapper.framework; name = CoreAudio.framework; path = /System/Library/Frameworks/CoreAudio.framework; sourceTree = "<absolute>"; };
		8BA05B01072074F900365D66 /* CoreServices.framework */ = {isa = PBXFileReference; lastKnownFileType = wrapper.framework; name = CoreServices.framework; path = /System/Library/Frameworks/CoreServices.framework; sourceTree = "<absolute>"; };
		8BA4AE4E073EB69000A2709A /* CocoaFilterView.bundle */ = {isa = PBXFileReference; explicitFileType = wrapper.cfbundle; includeInIndex = 0; path = CocoaFilterView.bundle; sourceTree = BUILT_PRODUCTS_DIR; };
		8BA4AE5B073EB79000A2709A /* Cocoa.framework */ = {isa = PBXFileReference; lastKnownFileType = wrapper.framework; name = Cocoa.framework; path = /System/Library/Frameworks/Cocoa.framework; sourceTree = "<absolute>"; };
		8D01CCD10486CAD60068D4B7 /* Info.plist */ = {isa = PBXFileReference; fileEncoding = 4; lastKnownFileType = text.plist; path = Info.plist; sourceTree = "<group>"; };
		8D01CCD20486CAD60068D4B7 /* Filter.component */ = {isa = PBXFileReference; explicitFileType = wrapper.cfbundle; includeInIndex = 0; path = Filter.component; sourceTree = BUILT_PRODUCTS_DIR; };
		ED06E16C1A1B0D6700225E1C /* SpectrumAU-Info.plist */ = {isa = PBXFileReference; fileEncoding = 4; lastKnownFileType = text.plist.xml; name = "SpectrumAU-Info.plist"; path = "../originalAnalyzer/Resources/SpectrumAU/SpectrumAU-Info.plist"; sourceTree = "<group>"; };
		ED06E16D1A1B0D6700225E1C /* SpectrumAU-Prefix.pch */ = {isa = PBXFileReference; fileEncoding = 4; lastKnownFileType = sourcecode.c.h; name = "SpectrumAU-Prefix.pch"; path = "../originalAnalyzer/Resources/SpectrumAU/SpectrumAU-Prefix.pch"; sourceTree = "<group>"; };
		ED06E1701A1B0D7B00225E1C /* SpectrumCocoaView-Info.plist */ = {isa = PBXFileReference; fileEncoding = 4; lastKnownFileType = text.plist.xml; name = "SpectrumCocoaView-Info.plist"; path = "../originalAnalyzer/Resources/SpectrumCocoaView/SpectrumCocoaView-Info.plist"; sourceTree = "<group>"; };
		ED06E1711A1B0D7B00225E1C /* SpectrumCocoaView-Prefix.pch */ = {isa = PBXFileReference; fileEncoding = 4; lastKnownFileType = sourcecode.c.h; name = "SpectrumCocoaView-Prefix.pch"; path = "../originalAnalyzer/Resources/SpectrumCocoaView/SpectrumCocoaView-Prefix.pch"; sourceTree = "<group>"; };
		ED06E1721A1B0D7B00225E1C /* SpectrumView.xib */ = {isa = PBXFileReference; fileEncoding = 4; lastKnownFileType = file.xib; name = SpectrumView.xib; path = ../originalAnalyzer/Resources/SpectrumCocoaView/SpectrumView.xib; sourceTree = "<group>"; };
		ED1E32CD1A12D21600F44531 /* SpectrumAU-Info.plist */ = {isa = PBXFileReference; fileEncoding = 4; lastKnownFileType = text.plist.xml; path = "SpectrumAU-Info.plist"; sourceTree = "<group>"; };
		ED1E32CE1A12D21600F44531 /* SpectrumAU-Prefix.pch */ = {isa = PBXFileReference; fileEncoding = 4; lastKnownFileType = sourcecode.c.h; path = "SpectrumAU-Prefix.pch"; sourceTree = "<group>"; };
		ED1E32D11A12D22900F44531 /* SpectrumCocoaView-Info.plist */ = {isa = PBXFileReference; fileEncoding = 4; lastKnownFileType = text.plist.xml; path = "SpectrumCocoaView-Info.plist"; sourceTree = "<group>"; };
		ED1E32D21A12D22900F44531 /* SpectrumCocoaView-Prefix.pch */ = {isa = PBXFileReference; fileEncoding = 4; lastKnownFileType = sourcecode.c.h; path = "SpectrumCocoaView-Prefix.pch"; sourceTree = "<group>"; };
		ED1E32D31A12D22900F44531 /* SpectrumView.xib */ = {isa = PBXFileReference; fileEncoding = 4; lastKnownFileType = file.xib; path = SpectrumView.xib; sourceTree = "<group>"; };
		ED5012B51A1197DF00FD22F4 /* AudioToolbox.framework */ = {isa = PBXFileReference; lastKnownFileType = wrapper.framework; path = AudioToolbox.framework; sourceTree = "<group>"; };
		ED5012B61A1197DF00FD22F4 /* AudioUnit.framework */ = {isa = PBXFileReference; lastKnownFileType = wrapper.framework; path = AudioUnit.framework; sourceTree = "<group>"; };
		ED50138A1A1197DF00FD22F4 /* CoreServices.framework */ = {isa = PBXFileReference; lastKnownFileType = wrapper.framework; path = CoreServices.framework; sourceTree = "<group>"; };
		ED50138B1A1197DF00FD22F4 /* vecLib.framework */ = {isa = PBXFileReference; lastKnownFileType = wrapper.framework; path = vecLib.framework; sourceTree = "<group>"; };
		ED5014551A11981600FD22F4 /* SimpleSpectrum_GraphView.h */ = {isa = PBXFileReference; fileEncoding = 4; lastKnownFileType = sourcecode.c.h; path = SimpleSpectrum_GraphView.h; sourceTree = "<group>"; };
		ED5014561A11981600FD22F4 /* SimpleSpectrum_GraphView.mm */ = {isa = PBXFileReference; fileEncoding = 4; lastKnownFileType = sourcecode.cpp.objcpp; path = SimpleSpectrum_GraphView.mm; sourceTree = "<group>"; };
		ED5014571A11981600FD22F4 /* SimpleSpectrum_UIView.h */ = {isa = PBXFileReference; fileEncoding = 4; lastKnownFileType = sourcecode.c.h; path = SimpleSpectrum_UIView.h; sourceTree = "<group>"; };
		ED5014581A11981600FD22F4 /* SimpleSpectrum_UIView.mm */ = {isa = PBXFileReference; fileEncoding = 4; lastKnownFileType = sourcecode.cpp.objcpp; path = SimpleSpectrum_UIView.mm; sourceTree = "<group>"; };
		ED5014591A11981600FD22F4 /* SimpleSpectrum_ViewFactory.h */ = {isa = PBXFileReference; fileEncoding = 4; lastKnownFileType = sourcecode.c.h; path = SimpleSpectrum_ViewFactory.h; sourceTree = "<group>"; };
		ED50145A1A11981600FD22F4 /* SimpleSpectrum_ViewFactory.mm */ = {isa = PBXFileReference; fileEncoding = 4; lastKnownFileType = sourcecode.cpp.objcpp; path = SimpleSpectrum_ViewFactory.mm; sourceTree = "<group>"; };
		ED5014671A11982A00FD22F4 /* SimpleSpectrum.cpp */ = {isa = PBXFileReference; fileEncoding = 4; lastKnownFileType = sourcecode.cpp.cpp; path = SimpleSpectrum.cpp; sourceTree = "<group>"; };
		ED5014681A11982A00FD22F4 /* SimpleSpectrum.exp */ = {isa = PBXFileReference; fileEncoding = 4; lastKnownFileType = sourcecode.exports; path = SimpleSpectrum.exp; sourceTree = "<group>"; };
		ED5014691A11982A00FD22F4 /* SimpleSpectrum.h */ = {isa = PBXFileReference; fileEncoding = 4; lastKnownFileType = sourcecode.c.h; path = SimpleSpectrum.h; sourceTree = "<group>"; };
		ED50146A1A11982A00FD22F4 /* SimpleSpectrum.r */ = {isa = PBXFileReference; fileEncoding = 4; lastKnownFileType = sourcecode.rez; path = SimpleSpectrum.r; sourceTree = "<group>"; };
		ED50146B1A11982A00FD22F4 /* SimpleSpectrumProcessor.cpp */ = {isa = PBXFileReference; fileEncoding = 4; lastKnownFileType = sourcecode.cpp.cpp; path = SimpleSpectrumProcessor.cpp; sourceTree = "<group>"; };
		ED50146C1A11982A00FD22F4 /* SimpleSpectrumProcessor.h */ = {isa = PBXFileReference; fileEncoding = 4; lastKnownFileType = sourcecode.c.h; path = SimpleSpectrumProcessor.h; sourceTree = "<group>"; };
		ED50146D1A11982A00FD22F4 /* SimpleSpectrumSharedData.h */ = {isa = PBXFileReference; fileEncoding = 4; lastKnownFileType = sourcecode.c.h; path = SimpleSpectrumSharedData.h; sourceTree = "<group>"; };
		ED50146E1A11982A00FD22F4 /* SimpleSpectrumVersion.h */ = {isa = PBXFileReference; fileEncoding = 4; lastKnownFileType = sourcecode.c.h; path = SimpleSpectrumVersion.h; sourceTree = "<group>"; };
		EDD2A0FB1A12ECCD00E719BF /* Foundation.framework */ = {isa = PBXFileReference; lastKnownFileType = wrapper.framework; path = Foundation.framework; sourceTree = "<group>"; };
		EDD2A0FD1A12ECE600E719BF /* AppKit.framework */ = {isa = PBXFileReference; lastKnownFileType = wrapper.framework; path = AppKit.framework; sourceTree = "<group>"; };
		EDD2A0FF1A12EF5300E719BF /* CoreAudioKit.framework */ = {isa = PBXFileReference; lastKnownFileType = wrapper.framework; name = CoreAudioKit.framework; path = System/Library/Frameworks/CoreAudioKit.framework; sourceTree = SDKROOT; };
		EDD2A1011A12F00E00E719BF /* CoreAudio.framework */ = {isa = PBXFileReference; lastKnownFileType = wrapper.framework; name = CoreAudio.framework; path = System/Library/Frameworks/CoreAudio.framework; sourceTree = SDKROOT; };
		EDD2A1031A12F02500E719BF /* Foundation.framework */ = {isa = PBXFileReference; lastKnownFileType = wrapper.framework; name = Foundation.framework; path = System/Library/Frameworks/Foundation.framework; sourceTree = SDKROOT; };
		EDF017F01A1C2B9F000F39A8 /* AUBase.cpp */ = {isa = PBXFileReference; fileEncoding = 4; lastKnownFileType = sourcecode.cpp.cpp; path = AUBase.cpp; sourceTree = "<group>"; };
		EDF017F11A1C2B9F000F39A8 /* AUBase.h */ = {isa = PBXFileReference; fileEncoding = 4; lastKnownFileType = sourcecode.c.h; path = AUBase.h; sourceTree = "<group>"; };
		EDF017F21A1C2B9F000F39A8 /* AUDispatch.cpp */ = {isa = PBXFileReference; fileEncoding = 4; lastKnownFileType = sourcecode.cpp.cpp; path = AUDispatch.cpp; sourceTree = "<group>"; };
		EDF017F31A1C2B9F000F39A8 /* AUDispatch.h */ = {isa = PBXFileReference; fileEncoding = 4; lastKnownFileType = sourcecode.c.h; path = AUDispatch.h; sourceTree = "<group>"; };
		EDF017F41A1C2B9F000F39A8 /* AUInputElement.cpp */ = {isa = PBXFileReference; fileEncoding = 4; lastKnownFileType = sourcecode.cpp.cpp; path = AUInputElement.cpp; sourceTree = "<group>"; };
		EDF017F51A1C2B9F000F39A8 /* AUInputElement.h */ = {isa = PBXFileReference; fileEncoding = 4; lastKnownFileType = sourcecode.c.h; path = AUInputElement.h; sourceTree = "<group>"; };
		EDF017F61A1C2B9F000F39A8 /* AUOutputElement.cpp */ = {isa = PBXFileReference; fileEncoding = 4; lastKnownFileType = sourcecode.cpp.cpp; path = AUOutputElement.cpp; sourceTree = "<group>"; };
		EDF017F71A1C2B9F000F39A8 /* AUOutputElement.h */ = {isa = PBXFileReference; fileEncoding = 4; lastKnownFileType = sourcecode.c.h; path = AUOutputElement.h; sourceTree = "<group>"; };
		EDF017F81A1C2B9F000F39A8 /* AUPlugInDispatch.cpp */ = {isa = PBXFileReference; fileEncoding = 4; lastKnownFileType = sourcecode.cpp.cpp; path = AUPlugInDispatch.cpp; sourceTree = "<group>"; };
		EDF017F91A1C2B9F000F39A8 /* AUPlugInDispatch.h */ = {isa = PBXFileReference; fileEncoding = 4; lastKnownFileType = sourcecode.c.h; path = AUPlugInDispatch.h; sourceTree = "<group>"; };
		EDF017FA1A1C2B9F000F39A8 /* AUScopeElement.cpp */ = {isa = PBXFileReference; fileEncoding = 4; lastKnownFileType = sourcecode.cpp.cpp; path = AUScopeElement.cpp; sourceTree = "<group>"; };
		EDF017FB1A1C2B9F000F39A8 /* AUScopeElement.h */ = {isa = PBXFileReference; fileEncoding = 4; lastKnownFileType = sourcecode.c.h; path = AUScopeElement.h; sourceTree = "<group>"; };
		EDF017FC1A1C2B9F000F39A8 /* ComponentBase.cpp */ = {isa = PBXFileReference; fileEncoding = 4; lastKnownFileType = sourcecode.cpp.cpp; path = ComponentBase.cpp; sourceTree = "<group>"; };
		EDF017FD1A1C2B9F000F39A8 /* ComponentBase.h */ = {isa = PBXFileReference; fileEncoding = 4; lastKnownFileType = sourcecode.c.h; path = ComponentBase.h; sourceTree = "<group>"; };
		EDF017FF1A1C2B9F000F39A8 /* AUInstrumentBase.cpp */ = {isa = PBXFileReference; fileEncoding = 4; lastKnownFileType = sourcecode.cpp.cpp; path = AUInstrumentBase.cpp; sourceTree = "<group>"; };
		EDF018001A1C2B9F000F39A8 /* AUInstrumentBase.h */ = {isa = PBXFileReference; fileEncoding = 4; lastKnownFileType = sourcecode.c.h; path = AUInstrumentBase.h; sourceTree = "<group>"; };
		EDF018011A1C2B9F000F39A8 /* LockFreeFIFO.h */ = {isa = PBXFileReference; fileEncoding = 4; lastKnownFileType = sourcecode.c.h; path = LockFreeFIFO.h; sourceTree = "<group>"; };
		EDF018021A1C2B9F000F39A8 /* MIDIControlHandler.h */ = {isa = PBXFileReference; fileEncoding = 4; lastKnownFileType = sourcecode.c.h; path = MIDIControlHandler.h; sourceTree = "<group>"; };
		EDF018031A1C2B9F000F39A8 /* SynthElement.cpp */ = {isa = PBXFileReference; fileEncoding = 4; lastKnownFileType = sourcecode.cpp.cpp; path = SynthElement.cpp; sourceTree = "<group>"; };
		EDF018041A1C2B9F000F39A8 /* SynthElement.h */ = {isa = PBXFileReference; fileEncoding = 4; lastKnownFileType = sourcecode.c.h; path = SynthElement.h; sourceTree = "<group>"; };
		EDF018051A1C2B9F000F39A8 /* SynthEvent.h */ = {isa = PBXFileReference; fileEncoding = 4; lastKnownFileType = sourcecode.c.h; path = SynthEvent.h; sourceTree = "<group>"; };
		EDF018061A1C2B9F000F39A8 /* SynthNote.cpp */ = {isa = PBXFileReference; fileEncoding = 4; lastKnownFileType = sourcecode.cpp.cpp; path = SynthNote.cpp; sourceTree = "<group>"; };
		EDF018071A1C2B9F000F39A8 /* SynthNote.h */ = {isa = PBXFileReference; fileEncoding = 4; lastKnownFileType = sourcecode.c.h; path = SynthNote.h; sourceTree = "<group>"; };
		EDF018081A1C2B9F000F39A8 /* SynthNoteList.cpp */ = {isa = PBXFileReference; fileEncoding = 4; lastKnownFileType = sourcecode.cpp.cpp; path = SynthNoteList.cpp; sourceTree = "<group>"; };
		EDF018091A1C2B9F000F39A8 /* SynthNoteList.h */ = {isa = PBXFileReference; fileEncoding = 4; lastKnownFileType = sourcecode.c.h; path = SynthNoteList.h; sourceTree = "<group>"; };
		EDF0180B1A1C2B9F000F39A8 /* AUEffectBase.cpp */ = {isa = PBXFileReference; fileEncoding = 4; lastKnownFileType = sourcecode.cpp.cpp; path = AUEffectBase.cpp; sourceTree = "<group>"; };
		EDF0180C1A1C2B9F000F39A8 /* AUEffectBase.h */ = {isa = PBXFileReference; fileEncoding = 4; lastKnownFileType = sourcecode.c.h; path = AUEffectBase.h; sourceTree = "<group>"; };
		EDF0180D1A1C2B9F000F39A8 /* AUMIDIBase.cpp */ = {isa = PBXFileReference; fileEncoding = 4; lastKnownFileType = sourcecode.cpp.cpp; path = AUMIDIBase.cpp; sourceTree = "<group>"; };
		EDF0180E1A1C2B9F000F39A8 /* AUMIDIBase.h */ = {isa = PBXFileReference; fileEncoding = 4; lastKnownFileType = sourcecode.c.h; path = AUMIDIBase.h; sourceTree = "<group>"; };
		EDF0180F1A1C2B9F000F39A8 /* MusicDeviceBase.cpp */ = {isa = PBXFileReference; fileEncoding = 4; lastKnownFileType = sourcecode.cpp.cpp; path = MusicDeviceBase.cpp; sourceTree = "<group>"; };
		EDF018101A1C2B9F000F39A8 /* MusicDeviceBase.h */ = {isa = PBXFileReference; fileEncoding = 4; lastKnownFileType = sourcecode.c.h; path = MusicDeviceBase.h; sourceTree = "<group>"; };
		EDF018121A1C2B9F000F39A8 /* AUBaseHelper.cpp */ = {isa = PBXFileReference; fileEncoding = 4; lastKnownFileType = sourcecode.cpp.cpp; path = AUBaseHelper.cpp; sourceTree = "<group>"; };
		EDF018131A1C2B9F000F39A8 /* AUBaseHelper.h */ = {isa = PBXFileReference; fileEncoding = 4; lastKnownFileType = sourcecode.c.h; path = AUBaseHelper.h; sourceTree = "<group>"; };
		EDF018141A1C2B9F000F39A8 /* AUBuffer.cpp */ = {isa = PBXFileReference; fileEncoding = 4; lastKnownFileType = sourcecode.cpp.cpp; path = AUBuffer.cpp; sourceTree = "<group>"; };
		EDF018151A1C2B9F000F39A8 /* AUBuffer.h */ = {isa = PBXFileReference; fileEncoding = 4; lastKnownFileType = sourcecode.c.h; path = AUBuffer.h; sourceTree = "<group>"; };
		EDF018161A1C2B9F000F39A8 /* AUMIDIDefs.h */ = {isa = PBXFileReference; fileEncoding = 4; lastKnownFileType = sourcecode.c.h; path = AUMIDIDefs.h; sourceTree = "<group>"; };
		EDF018171A1C2B9F000F39A8 /* AUSilentTimeout.h */ = {isa = PBXFileReference; fileEncoding = 4; lastKnownFileType = sourcecode.c.h; path = AUSilentTimeout.h; sourceTree = "<group>"; };
		EDF018191A1C2B9F000F39A8 /* CAAtomic.h */ = {isa = PBXFileReference; fileEncoding = 4; lastKnownFileType = sourcecode.c.h; path = CAAtomic.h; sourceTree = "<group>"; };
		EDF0181A1A1C2B9F000F39A8 /* CAAtomicStack.h */ = {isa = PBXFileReference; fileEncoding = 4; lastKnownFileType = sourcecode.c.h; path = CAAtomicStack.h; sourceTree = "<group>"; };
		EDF0181B1A1C2B9F000F39A8 /* CAAudioChannelLayout.cpp */ = {isa = PBXFileReference; fileEncoding = 4; lastKnownFileType = sourcecode.cpp.cpp; path = CAAudioChannelLayout.cpp; sourceTree = "<group>"; };
		EDF0181C1A1C2B9F000F39A8 /* CAAudioChannelLayout.h */ = {isa = PBXFileReference; fileEncoding = 4; lastKnownFileType = sourcecode.c.h; path = CAAudioChannelLayout.h; sourceTree = "<group>"; };
		EDF0181D1A1C2B9F000F39A8 /* CAAudioChannelLayoutObject.cpp */ = {isa = PBXFileReference; fileEncoding = 4; lastKnownFileType = sourcecode.cpp.cpp; path = CAAudioChannelLayoutObject.cpp; sourceTree = "<group>"; };
		EDF0181E1A1C2B9F000F39A8 /* CAAUMIDIMap.cpp */ = {isa = PBXFileReference; fileEncoding = 4; lastKnownFileType = sourcecode.cpp.cpp; path = CAAUMIDIMap.cpp; sourceTree = "<group>"; };
		EDF0181F1A1C2B9F000F39A8 /* CAAUMIDIMap.h */ = {isa = PBXFileReference; fileEncoding = 4; lastKnownFileType = sourcecode.c.h; path = CAAUMIDIMap.h; sourceTree = "<group>"; };
		EDF018201A1C2B9F000F39A8 /* CAAUMIDIMapManager.cpp */ = {isa = PBXFileReference; fileEncoding = 4; lastKnownFileType = sourcecode.cpp.cpp; path = CAAUMIDIMapManager.cpp; sourceTree = "<group>"; };
		EDF018211A1C2B9F000F39A8 /* CAAUMIDIMapManager.h */ = {isa = PBXFileReference; fileEncoding = 4; lastKnownFileType = sourcecode.c.h; path = CAAUMIDIMapManager.h; sourceTree = "<group>"; };
		EDF018221A1C2B9F000F39A8 /* CAAutoDisposer.h */ = {isa = PBXFileReference; fileEncoding = 4; lastKnownFileType = sourcecode.c.h; path = CAAutoDisposer.h; sourceTree = "<group>"; };
		EDF018231A1C2B9F000F39A8 /* CABufferList.cpp */ = {isa = PBXFileReference; fileEncoding = 4; lastKnownFileType = sourcecode.cpp.cpp; path = CABufferList.cpp; sourceTree = "<group>"; };
		EDF018241A1C2B9F000F39A8 /* CABufferList.h */ = {isa = PBXFileReference; fileEncoding = 4; lastKnownFileType = sourcecode.c.h; path = CABufferList.h; sourceTree = "<group>"; };
		EDF018251A1C2B9F000F39A8 /* CAByteOrder.h */ = {isa = PBXFileReference; fileEncoding = 4; lastKnownFileType = sourcecode.c.h; path = CAByteOrder.h; sourceTree = "<group>"; };
		EDF018261A1C2B9F000F39A8 /* CADebugger.cpp */ = {isa = PBXFileReference; fileEncoding = 4; lastKnownFileType = sourcecode.cpp.cpp; path = CADebugger.cpp; sourceTree = "<group>"; };
		EDF018271A1C2B9F000F39A8 /* CADebugger.h */ = {isa = PBXFileReference; fileEncoding = 4; lastKnownFileType = sourcecode.c.h; path = CADebugger.h; sourceTree = "<group>"; };
		EDF018281A1C2B9F000F39A8 /* CADebugMacros.cpp */ = {isa = PBXFileReference; fileEncoding = 4; lastKnownFileType = sourcecode.cpp.cpp; path = CADebugMacros.cpp; sourceTree = "<group>"; };
		EDF018291A1C2B9F000F39A8 /* CADebugMacros.h */ = {isa = PBXFileReference; fileEncoding = 4; lastKnownFileType = sourcecode.c.h; path = CADebugMacros.h; sourceTree = "<group>"; };
		EDF0182A1A1C2B9F000F39A8 /* CADebugPrintf.cpp */ = {isa = PBXFileReference; fileEncoding = 4; lastKnownFileType = sourcecode.cpp.cpp; path = CADebugPrintf.cpp; sourceTree = "<group>"; };
		EDF0182B1A1C2B9F000F39A8 /* CADebugPrintf.h */ = {isa = PBXFileReference; fileEncoding = 4; lastKnownFileType = sourcecode.c.h; path = CADebugPrintf.h; sourceTree = "<group>"; };
		EDF0182C1A1C2B9F000F39A8 /* CAException.h */ = {isa = PBXFileReference; fileEncoding = 4; lastKnownFileType = sourcecode.c.h; path = CAException.h; sourceTree = "<group>"; };
		EDF0182D1A1C2B9F000F39A8 /* CAGuard.cpp */ = {isa = PBXFileReference; fileEncoding = 4; lastKnownFileType = sourcecode.cpp.cpp; path = CAGuard.cpp; sourceTree = "<group>"; };
		EDF0182E1A1C2B9F000F39A8 /* CAGuard.h */ = {isa = PBXFileReference; fileEncoding = 4; lastKnownFileType = sourcecode.c.h; path = CAGuard.h; sourceTree = "<group>"; };
		EDF0182F1A1C2B9F000F39A8 /* CAHostTimeBase.cpp */ = {isa = PBXFileReference; fileEncoding = 4; lastKnownFileType = sourcecode.cpp.cpp; path = CAHostTimeBase.cpp; sourceTree = "<group>"; };
		EDF018301A1C2B9F000F39A8 /* CAHostTimeBase.h */ = {isa = PBXFileReference; fileEncoding = 4; lastKnownFileType = sourcecode.c.h; path = CAHostTimeBase.h; sourceTree = "<group>"; };
		EDF018311A1C2B9F000F39A8 /* CALogMacros.h */ = {isa = PBXFileReference; fileEncoding = 4; lastKnownFileType = sourcecode.c.h; path = CALogMacros.h; sourceTree = "<group>"; };
		EDF018321A1C2B9F000F39A8 /* CAMath.h */ = {isa = PBXFileReference; fileEncoding = 4; lastKnownFileType = sourcecode.c.h; path = CAMath.h; sourceTree = "<group>"; };
		EDF018331A1C2B9F000F39A8 /* CAMutex.cpp */ = {isa = PBXFileReference; fileEncoding = 4; lastKnownFileType = sourcecode.cpp.cpp; path = CAMutex.cpp; sourceTree = "<group>"; };
		EDF018341A1C2B9F000F39A8 /* CAMutex.h */ = {isa = PBXFileReference; fileEncoding = 4; lastKnownFileType = sourcecode.c.h; path = CAMutex.h; sourceTree = "<group>"; };
		EDF018351A1C2B9F000F39A8 /* CAReferenceCounted.h */ = {isa = PBXFileReference; fileEncoding = 4; lastKnownFileType = sourcecode.c.h; path = CAReferenceCounted.h; sourceTree = "<group>"; };
		EDF018361A1C2B9F000F39A8 /* CAStreamBasicDescription.cpp */ = {isa = PBXFileReference; fileEncoding = 4; lastKnownFileType = sourcecode.cpp.cpp; path = CAStreamBasicDescription.cpp; sourceTree = "<group>"; };
		EDF018371A1C2B9F000F39A8 /* CAStreamBasicDescription.h */ = {isa = PBXFileReference; fileEncoding = 4; lastKnownFileType = sourcecode.c.h; path = CAStreamBasicDescription.h; sourceTree = "<group>"; };
		EDF018381A1C2B9F000F39A8 /* CAThreadSafeList.h */ = {isa = PBXFileReference; fileEncoding = 4; lastKnownFileType = sourcecode.c.h; path = CAThreadSafeList.h; sourceTree = "<group>"; };
		EDF018391A1C2B9F000F39A8 /* CAVectorUnit.cpp */ = {isa = PBXFileReference; fileEncoding = 4; lastKnownFileType = sourcecode.cpp.cpp; path = CAVectorUnit.cpp; sourceTree = "<group>"; };
		EDF0183A1A1C2B9F000F39A8 /* CAVectorUnit.h */ = {isa = PBXFileReference; fileEncoding = 4; lastKnownFileType = sourcecode.c.h; path = CAVectorUnit.h; sourceTree = "<group>"; };
		EDF0183B1A1C2B9F000F39A8 /* CAVectorUnitTypes.h */ = {isa = PBXFileReference; fileEncoding = 4; lastKnownFileType = sourcecode.c.h; path = CAVectorUnitTypes.h; sourceTree = "<group>"; };
		EDF0183C1A1C2B9F000F39A8 /* CAXException.cpp */ = {isa = PBXFileReference; fileEncoding = 4; lastKnownFileType = sourcecode.cpp.cpp; path = CAXException.cpp; sourceTree = "<group>"; };
		EDF0183D1A1C2B9F000F39A8 /* CAXException.h */ = {isa = PBXFileReference; fileEncoding = 4; lastKnownFileType = sourcecode.c.h; path = CAXException.h; sourceTree = "<group>"; };
		EDF018881A1C2BDF000F39A8 /* CABitOperations.h */ = {isa = PBXFileReference; fileEncoding = 4; lastKnownFileType = sourcecode.c.h; name = CABitOperations.h; path = ../../originalAnalyzer/CoreAudio/PublicUtility/CABitOperations.h; sourceTree = "<group>"; };
/* End PBXFileReference section */

/* Begin PBXFrameworksBuildPhase section */
		8BA4AE4C073EB69000A2709A /* Frameworks */ = {
			isa = PBXFrameworksBuildPhase;
			buildActionMask = 2147483647;
			files = (
				EDD2A10B1A12F16D00E719BF /* CoreAudioKit.framework in Frameworks */,
				EDD2A1061A12F04D00E719BF /* AppKit.framework in Frameworks */,
				EDD2A1071A12F04D00E719BF /* AudioToolbox.framework in Frameworks */,
				EDD2A1081A12F04D00E719BF /* AudioUnit.framework in Frameworks */,
				EDD2A1091A12F04D00E719BF /* CoreServices.framework in Frameworks */,
				EDD2A10A1A12F04D00E719BF /* Foundation.framework in Frameworks */,
				EDD2A1051A12F03B00E719BF /* vecLib.framework in Frameworks */,
				EDD2A1041A12F02500E719BF /* Foundation.framework in Frameworks */,
				EDD2A1021A12F00E00E719BF /* CoreAudio.framework in Frameworks */,
				8BA4AE5D073EB7C300A2709A /* Cocoa.framework in Frameworks */,
			);
			runOnlyForDeploymentPostprocessing = 0;
		};
		8D01CCCD0486CAD60068D4B7 /* Frameworks */ = {
			isa = PBXFrameworksBuildPhase;
			buildActionMask = 2147483647;
			files = (
				EDD2A1001A12EF5300E719BF /* CoreAudioKit.framework in Frameworks */,
				8BA05AFC072074E100365D66 /* AudioToolbox.framework in Frameworks */,
				ED5014541A1197DF00FD22F4 /* vecLib.framework in Frameworks */,
				8BA05AFD072074E100365D66 /* AudioUnit.framework in Frameworks */,
				ED50138C1A1197DF00FD22F4 /* AudioToolbox.framework in Frameworks */,
				8BA05B02072074F900365D66 /* CoreServices.framework in Frameworks */,
				EDD2A0FC1A12ECCD00E719BF /* Foundation.framework in Frameworks */,
				EDD2A0FE1A12ECE600E719BF /* AppKit.framework in Frameworks */,
				8BA4AE5C073EB79000A2709A /* Cocoa.framework in Frameworks */,
				EDD2A0F91A12E61800E719BF /* CoreAudio.framework in Frameworks */,
			);
			runOnlyForDeploymentPostprocessing = 0;
		};
/* End PBXFrameworksBuildPhase section */

/* Begin PBXGroup section */
		089C166AFE841209C02AAC07 /* FilterDemo */ = {
			isa = PBXGroup;
			children = (
				EDD2A1031A12F02500E719BF /* Foundation.framework */,
				EDD2A1011A12F00E00E719BF /* CoreAudio.framework */,
				EDD2A0FF1A12EF5300E719BF /* CoreAudioKit.framework */,
				08FB77ADFE841716C02AAC07 /* Source */,
				089C167CFE841241C02AAC07 /* Resources */,
				089C1671FE841209C02AAC07 /* External Frameworks and Libraries */,
				19C28FB4FE9D528D11CA2CBB /* Products */,
			);
			name = FilterDemo;
			sourceTree = "<group>";
		};
		089C1671FE841209C02AAC07 /* External Frameworks and Libraries */ = {
			isa = PBXGroup;
			children = (
				EDD2A0FD1A12ECE600E719BF /* AppKit.framework */,
				EDD2A0FB1A12ECCD00E719BF /* Foundation.framework */,
				ED5012B51A1197DF00FD22F4 /* AudioToolbox.framework */,
				ED5012B61A1197DF00FD22F4 /* AudioUnit.framework */,
				ED50138A1A1197DF00FD22F4 /* CoreServices.framework */,
				ED50138B1A1197DF00FD22F4 /* vecLib.framework */,
				8BA4AE5B073EB79000A2709A /* Cocoa.framework */,
				8BA05B01072074F900365D66 /* CoreServices.framework */,
				8BA05AF9072074E100365D66 /* AudioToolbox.framework */,
				8BA05AFA072074E100365D66 /* AudioUnit.framework */,
				8BA05AFB072074E100365D66 /* CoreAudio.framework */,
			);
			name = "External Frameworks and Libraries";
			sourceTree = "<group>";
		};
		089C167CFE841241C02AAC07 /* Resources */ = {
			isa = PBXGroup;
			children = (
				ED1E32D11A12D22900F44531 /* SpectrumCocoaView-Info.plist */,
				ED1E32D21A12D22900F44531 /* SpectrumCocoaView-Prefix.pch */,
				ED1E32D31A12D22900F44531 /* SpectrumView.xib */,
				ED1E32CD1A12D21600F44531 /* SpectrumAU-Info.plist */,
				ED1E32CE1A12D21600F44531 /* SpectrumAU-Prefix.pch */,
				8D01CCD10486CAD60068D4B7 /* Info.plist */,
				089C167DFE841241C02AAC07 /* InfoPlist.strings */,
			);
			name = Resources;
			sourceTree = "<group>";
		};
		08FB77ADFE841716C02AAC07 /* Source */ = {
			isa = PBXGroup;
			children = (
				EDF017EE1A1C2B9F000F39A8 /* AUPublic */,
				EDF018181A1C2B9F000F39A8 /* PublicUtility */,
				8BA05A56072072A900365D66 /* AU Source */,
				8BA4ADCB073EB14C00A2709A /* CocoaUI */,
			);
			name = Source;
			sourceTree = "<group>";
		};
		19C28FB4FE9D528D11CA2CBB /* Products */ = {
			isa = PBXGroup;
			children = (
				8D01CCD20486CAD60068D4B7 /* Filter.component */,
				8BA4AE4E073EB69000A2709A /* CocoaFilterView.bundle */,
			);
			name = Products;
			sourceTree = "<group>";
		};
		8BA05A56072072A900365D66 /* AU Source */ = {
			isa = PBXGroup;
			children = (
				ED06E16C1A1B0D6700225E1C /* SpectrumAU-Info.plist */,
				ED06E16D1A1B0D6700225E1C /* SpectrumAU-Prefix.pch */,
				ED5014671A11982A00FD22F4 /* SimpleSpectrum.cpp */,
				ED5014681A11982A00FD22F4 /* SimpleSpectrum.exp */,
				ED5014691A11982A00FD22F4 /* SimpleSpectrum.h */,
				ED50146A1A11982A00FD22F4 /* SimpleSpectrum.r */,
				ED50146B1A11982A00FD22F4 /* SimpleSpectrumProcessor.cpp */,
				ED50146C1A11982A00FD22F4 /* SimpleSpectrumProcessor.h */,
				ED50146D1A11982A00FD22F4 /* SimpleSpectrumSharedData.h */,
				ED50146E1A11982A00FD22F4 /* SimpleSpectrumVersion.h */,
			);
			name = "AU Source";
			sourceTree = "<group>";
		};
		8BA4ADCB073EB14C00A2709A /* CocoaUI */ = {
			isa = PBXGroup;
			children = (
				ED06E1701A1B0D7B00225E1C /* SpectrumCocoaView-Info.plist */,
				ED06E1711A1B0D7B00225E1C /* SpectrumCocoaView-Prefix.pch */,
				ED06E1721A1B0D7B00225E1C /* SpectrumView.xib */,
				ED5014551A11981600FD22F4 /* SimpleSpectrum_GraphView.h */,
				ED5014561A11981600FD22F4 /* SimpleSpectrum_GraphView.mm */,
				ED5014571A11981600FD22F4 /* SimpleSpectrum_UIView.h */,
				ED5014581A11981600FD22F4 /* SimpleSpectrum_UIView.mm */,
				ED5014591A11981600FD22F4 /* SimpleSpectrum_ViewFactory.h */,
				ED50145A1A11981600FD22F4 /* SimpleSpectrum_ViewFactory.mm */,
			);
			name = CocoaUI;
			sourceTree = "<group>";
		};
		EDF017EE1A1C2B9F000F39A8 /* AUPublic */ = {
			isa = PBXGroup;
			children = (
				EDF017EF1A1C2B9F000F39A8 /* AUBase */,
				EDF017FE1A1C2B9F000F39A8 /* AUInstrumentBase */,
				EDF0180A1A1C2B9F000F39A8 /* OtherBases */,
				EDF018111A1C2B9F000F39A8 /* Utility */,
			);
			path = AUPublic;
			sourceTree = "<group>";
		};
		EDF017EF1A1C2B9F000F39A8 /* AUBase */ = {
			isa = PBXGroup;
			children = (
				EDF017F01A1C2B9F000F39A8 /* AUBase.cpp */,
				EDF017F11A1C2B9F000F39A8 /* AUBase.h */,
				EDF017F21A1C2B9F000F39A8 /* AUDispatch.cpp */,
				EDF017F31A1C2B9F000F39A8 /* AUDispatch.h */,
				EDF017F41A1C2B9F000F39A8 /* AUInputElement.cpp */,
				EDF017F51A1C2B9F000F39A8 /* AUInputElement.h */,
				EDF017F61A1C2B9F000F39A8 /* AUOutputElement.cpp */,
				EDF017F71A1C2B9F000F39A8 /* AUOutputElement.h */,
				EDF017F81A1C2B9F000F39A8 /* AUPlugInDispatch.cpp */,
				EDF017F91A1C2B9F000F39A8 /* AUPlugInDispatch.h */,
				EDF017FA1A1C2B9F000F39A8 /* AUScopeElement.cpp */,
				EDF017FB1A1C2B9F000F39A8 /* AUScopeElement.h */,
				EDF017FC1A1C2B9F000F39A8 /* ComponentBase.cpp */,
				EDF017FD1A1C2B9F000F39A8 /* ComponentBase.h */,
			);
			path = AUBase;
			sourceTree = "<group>";
		};
		EDF017FE1A1C2B9F000F39A8 /* AUInstrumentBase */ = {
			isa = PBXGroup;
			children = (
				EDF017FF1A1C2B9F000F39A8 /* AUInstrumentBase.cpp */,
				EDF018001A1C2B9F000F39A8 /* AUInstrumentBase.h */,
				EDF018011A1C2B9F000F39A8 /* LockFreeFIFO.h */,
				EDF018021A1C2B9F000F39A8 /* MIDIControlHandler.h */,
				EDF018031A1C2B9F000F39A8 /* SynthElement.cpp */,
				EDF018041A1C2B9F000F39A8 /* SynthElement.h */,
				EDF018051A1C2B9F000F39A8 /* SynthEvent.h */,
				EDF018061A1C2B9F000F39A8 /* SynthNote.cpp */,
				EDF018071A1C2B9F000F39A8 /* SynthNote.h */,
				EDF018081A1C2B9F000F39A8 /* SynthNoteList.cpp */,
				EDF018091A1C2B9F000F39A8 /* SynthNoteList.h */,
			);
			path = AUInstrumentBase;
			sourceTree = "<group>";
		};
		EDF0180A1A1C2B9F000F39A8 /* OtherBases */ = {
			isa = PBXGroup;
			children = (
				EDF0180B1A1C2B9F000F39A8 /* AUEffectBase.cpp */,
				EDF0180C1A1C2B9F000F39A8 /* AUEffectBase.h */,
				EDF0180D1A1C2B9F000F39A8 /* AUMIDIBase.cpp */,
				EDF0180E1A1C2B9F000F39A8 /* AUMIDIBase.h */,
				EDF0180F1A1C2B9F000F39A8 /* MusicDeviceBase.cpp */,
				EDF018101A1C2B9F000F39A8 /* MusicDeviceBase.h */,
			);
			path = OtherBases;
			sourceTree = "<group>";
		};
		EDF018111A1C2B9F000F39A8 /* Utility */ = {
			isa = PBXGroup;
			children = (
				EDF018121A1C2B9F000F39A8 /* AUBaseHelper.cpp */,
				EDF018131A1C2B9F000F39A8 /* AUBaseHelper.h */,
				EDF018141A1C2B9F000F39A8 /* AUBuffer.cpp */,
				EDF018151A1C2B9F000F39A8 /* AUBuffer.h */,
				EDF018161A1C2B9F000F39A8 /* AUMIDIDefs.h */,
				EDF018171A1C2B9F000F39A8 /* AUSilentTimeout.h */,
			);
			path = Utility;
			sourceTree = "<group>";
		};
		EDF018181A1C2B9F000F39A8 /* PublicUtility */ = {
			isa = PBXGroup;
			children = (
				EDF018881A1C2BDF000F39A8 /* CABitOperations.h */,
				EDF018191A1C2B9F000F39A8 /* CAAtomic.h */,
				EDF0181A1A1C2B9F000F39A8 /* CAAtomicStack.h */,
				EDF0181B1A1C2B9F000F39A8 /* CAAudioChannelLayout.cpp */,
				EDF0181C1A1C2B9F000F39A8 /* CAAudioChannelLayout.h */,
				EDF0181D1A1C2B9F000F39A8 /* CAAudioChannelLayoutObject.cpp */,
				EDF0181E1A1C2B9F000F39A8 /* CAAUMIDIMap.cpp */,
				EDF0181F1A1C2B9F000F39A8 /* CAAUMIDIMap.h */,
				EDF018201A1C2B9F000F39A8 /* CAAUMIDIMapManager.cpp */,
				EDF018211A1C2B9F000F39A8 /* CAAUMIDIMapManager.h */,
				EDF018221A1C2B9F000F39A8 /* CAAutoDisposer.h */,
				EDF018231A1C2B9F000F39A8 /* CABufferList.cpp */,
				EDF018241A1C2B9F000F39A8 /* CABufferList.h */,
				EDF018251A1C2B9F000F39A8 /* CAByteOrder.h */,
				EDF018261A1C2B9F000F39A8 /* CADebugger.cpp */,
				EDF018271A1C2B9F000F39A8 /* CADebugger.h */,
				EDF018281A1C2B9F000F39A8 /* CADebugMacros.cpp */,
				EDF018291A1C2B9F000F39A8 /* CADebugMacros.h */,
				EDF0182A1A1C2B9F000F39A8 /* CADebugPrintf.cpp */,
				EDF0182B1A1C2B9F000F39A8 /* CADebugPrintf.h */,
				EDF0182C1A1C2B9F000F39A8 /* CAException.h */,
				EDF0182D1A1C2B9F000F39A8 /* CAGuard.cpp */,
				EDF0182E1A1C2B9F000F39A8 /* CAGuard.h */,
				EDF0182F1A1C2B9F000F39A8 /* CAHostTimeBase.cpp */,
				EDF018301A1C2B9F000F39A8 /* CAHostTimeBase.h */,
				EDF018311A1C2B9F000F39A8 /* CALogMacros.h */,
				EDF018321A1C2B9F000F39A8 /* CAMath.h */,
				EDF018331A1C2B9F000F39A8 /* CAMutex.cpp */,
				EDF018341A1C2B9F000F39A8 /* CAMutex.h */,
				EDF018351A1C2B9F000F39A8 /* CAReferenceCounted.h */,
				EDF018361A1C2B9F000F39A8 /* CAStreamBasicDescription.cpp */,
				EDF018371A1C2B9F000F39A8 /* CAStreamBasicDescription.h */,
				EDF018381A1C2B9F000F39A8 /* CAThreadSafeList.h */,
				EDF018391A1C2B9F000F39A8 /* CAVectorUnit.cpp */,
				EDF0183A1A1C2B9F000F39A8 /* CAVectorUnit.h */,
				EDF0183B1A1C2B9F000F39A8 /* CAVectorUnitTypes.h */,
				EDF0183C1A1C2B9F000F39A8 /* CAXException.cpp */,
				EDF0183D1A1C2B9F000F39A8 /* CAXException.h */,
			);
			path = PublicUtility;
			sourceTree = "<group>";
		};
/* End PBXGroup section */

/* Begin PBXHeadersBuildPhase section */
		8BA4AE52073EB70000A2709A /* Headers */ = {
			isa = PBXHeadersBuildPhase;
			buildActionMask = 2147483647;
			files = (
				ED5014601A11981600FD22F4 /* SimpleSpectrum_UIView.h in Headers */,
				ED5014641A11981600FD22F4 /* SimpleSpectrum_ViewFactory.h in Headers */,
				ED06E1741A1B0D7B00225E1C /* SpectrumCocoaView-Prefix.pch in Headers */,
				ED50145C1A11981600FD22F4 /* SimpleSpectrum_GraphView.h in Headers */,
				ED1D5B5A1A13EC30008B8A5A /* SpectrumCocoaView-Prefix.pch in Headers */,
			);
			runOnlyForDeploymentPostprocessing = 0;
		};
		8D01CCC70486CAD60068D4B7 /* Headers */ = {
			isa = PBXHeadersBuildPhase;
			buildActionMask = 2147483647;
			files = (
				ED1E32D51A12D22900F44531 /* SpectrumCocoaView-Prefix.pch in Headers */,
				EDF0184B1A1C2B9F000F39A8 /* ComponentBase.h in Headers */,
				EDF0184F1A1C2B9F000F39A8 /* MIDIControlHandler.h in Headers */,
				EDF018851A1C2B9F000F39A8 /* CAVectorUnitTypes.h in Headers */,
				EDF0185E1A1C2B9F000F39A8 /* AUBaseHelper.h in Headers */,
				EDF0187B1A1C2B9F000F39A8 /* CALogMacros.h in Headers */,
				EDF018661A1C2B9F000F39A8 /* CAAudioChannelLayout.h in Headers */,
				EDF018641A1C2B9F000F39A8 /* CAAtomicStack.h in Headers */,
				EDF018761A1C2B9F000F39A8 /* CAException.h in Headers */,
				EDF0186C1A1C2B9F000F39A8 /* CAAutoDisposer.h in Headers */,
				EDF018731A1C2B9F000F39A8 /* CADebugMacros.h in Headers */,
				EDF018561A1C2B9F000F39A8 /* SynthNoteList.h in Headers */,
				EDF0186B1A1C2B9F000F39A8 /* CAAUMIDIMapManager.h in Headers */,
				EDF0187E1A1C2B9F000F39A8 /* CAMutex.h in Headers */,
				EDF018471A1C2B9F000F39A8 /* AUPlugInDispatch.h in Headers */,
				EDF018601A1C2B9F000F39A8 /* AUBuffer.h in Headers */,
				EDF018821A1C2B9F000F39A8 /* CAThreadSafeList.h in Headers */,
				EDF0187F1A1C2B9F000F39A8 /* CAReferenceCounted.h in Headers */,
				EDF0184E1A1C2B9F000F39A8 /* LockFreeFIFO.h in Headers */,
				EDF018491A1C2B9F000F39A8 /* AUScopeElement.h in Headers */,
				EDF018841A1C2B9F000F39A8 /* CAVectorUnit.h in Headers */,
				EDF018631A1C2B9F000F39A8 /* CAAtomic.h in Headers */,
				ED50147C1A11982A00FD22F4 /* SimpleSpectrumVersion.h in Headers */,
				EDF0187A1A1C2B9F000F39A8 /* CAHostTimeBase.h in Headers */,
				EDF018511A1C2B9F000F39A8 /* SynthElement.h in Headers */,
				ED1E32D01A12D21600F44531 /* SpectrumAU-Prefix.pch in Headers */,
				EDF0185C1A1C2B9F000F39A8 /* MusicDeviceBase.h in Headers */,
				ED50147A1A11982A00FD22F4 /* SimpleSpectrumSharedData.h in Headers */,
				EDF0187C1A1C2B9F000F39A8 /* CAMath.h in Headers */,
				EDF018811A1C2B9F000F39A8 /* CAStreamBasicDescription.h in Headers */,
				EDF018621A1C2B9F000F39A8 /* AUSilentTimeout.h in Headers */,
				EDF018521A1C2B9F000F39A8 /* SynthEvent.h in Headers */,
				EDF018711A1C2B9F000F39A8 /* CADebugger.h in Headers */,
				EDF018611A1C2B9F000F39A8 /* AUMIDIDefs.h in Headers */,
				EDF0186F1A1C2B9F000F39A8 /* CAByteOrder.h in Headers */,
				ED06E16F1A1B0D6700225E1C /* SpectrumAU-Prefix.pch in Headers */,
				EDF0186E1A1C2B9F000F39A8 /* CABufferList.h in Headers */,
				EDF018581A1C2B9F000F39A8 /* AUEffectBase.h in Headers */,
				EDF0184D1A1C2B9F000F39A8 /* AUInstrumentBase.h in Headers */,
				ED5014781A11982A00FD22F4 /* SimpleSpectrumProcessor.h in Headers */,
				EDF018871A1C2B9F000F39A8 /* CAXException.h in Headers */,
				EDF018781A1C2B9F000F39A8 /* CAGuard.h in Headers */,
				ED5014731A11982A00FD22F4 /* SimpleSpectrum.h in Headers */,
				EDF018891A1C2BDF000F39A8 /* CABitOperations.h in Headers */,
				EDF0185A1A1C2B9F000F39A8 /* AUMIDIBase.h in Headers */,
				EDF018431A1C2B9F000F39A8 /* AUInputElement.h in Headers */,
				EDF018541A1C2B9F000F39A8 /* SynthNote.h in Headers */,
				EDF0183F1A1C2B9F000F39A8 /* AUBase.h in Headers */,
				EDF018691A1C2B9F000F39A8 /* CAAUMIDIMap.h in Headers */,
				EDF018451A1C2B9F000F39A8 /* AUOutputElement.h in Headers */,
				EDF018751A1C2B9F000F39A8 /* CADebugPrintf.h in Headers */,
			);
			runOnlyForDeploymentPostprocessing = 0;
		};
/* End PBXHeadersBuildPhase section */

/* Begin PBXNativeTarget section */
		8BA4AE4D073EB69000A2709A /* CocoaUI */ = {
			isa = PBXNativeTarget;
			buildConfigurationList = 3EED0941089806170095A620 /* Build configuration list for PBXNativeTarget "CocoaUI" */;
			buildPhases = (
				8BA4AE52073EB70000A2709A /* Headers */,
				8BA4AE4A073EB69000A2709A /* Resources */,
				8BA4AE4B073EB69000A2709A /* Sources */,
				8BA4AE4C073EB69000A2709A /* Frameworks */,
			);
			buildRules = (
			);
			dependencies = (
			);
			name = CocoaUI;
			productName = CocoaUI;
			productReference = 8BA4AE4E073EB69000A2709A /* CocoaFilterView.bundle */;
			productType = "com.apple.product-type.bundle";
		};
		8D01CCC60486CAD60068D4B7 /* FilterDemo */ = {
			isa = PBXNativeTarget;
			buildConfigurationList = 3EED0945089806170095A620 /* Build configuration list for PBXNativeTarget "FilterDemo" */;
			buildPhases = (
				8D01CCC70486CAD60068D4B7 /* Headers */,
				8D01CCC90486CAD60068D4B7 /* Resources */,
				8D01CCCB0486CAD60068D4B7 /* Sources */,
				8D01CCCD0486CAD60068D4B7 /* Frameworks */,
				8D01CCCF0486CAD60068D4B7 /* Rez */,
				8BA4AE65073EBB1B00A2709A /* CopyFiles */,
			);
			buildRules = (
			);
			dependencies = (
				8B707176074BC40400FFC872 /* PBXTargetDependency */,
			);
			name = FilterDemo;
			productInstallPath = "$(HOME)/Library/Bundles";
			productName = FilterDemo;
			productReference = 8D01CCD20486CAD60068D4B7 /* Filter.component */;
			productType = "com.apple.product-type.bundle";
		};
/* End PBXNativeTarget section */

/* Begin PBXProject section */
		089C1669FE841209C02AAC07 /* Project object */ = {
			isa = PBXProject;
			attributes = {
				LastUpgradeCheck = 0500;
			};
			buildConfigurationList = 3EED0949089806170095A620 /* Build configuration list for PBXProject "FilterDemo" */;
			compatibilityVersion = "Xcode 3.2";
			developmentRegion = English;
			hasScannedForEncodings = 1;
			knownRegions = (
				en,
			);
			mainGroup = 089C166AFE841209C02AAC07 /* FilterDemo */;
			projectDirPath = "";
			projectRoot = "";
			targets = (
				8D01CCC60486CAD60068D4B7 /* FilterDemo */,
				8BA4AE4D073EB69000A2709A /* CocoaUI */,
			);
		};
/* End PBXProject section */

/* Begin PBXResourcesBuildPhase section */
		8BA4AE4A073EB69000A2709A /* Resources */ = {
			isa = PBXResourcesBuildPhase;
			buildActionMask = 2147483647;
			files = (
				ED1D5B5B1A13EC67008B8A5A /* SpectrumCocoaView-Info.plist in Resources */,
				ED1D5B5C1A13EC6B008B8A5A /* SpectrumView.xib in Resources */,
				ED1D5B5D1A13EC75008B8A5A /* Info.plist in Resources */,
			);
			runOnlyForDeploymentPostprocessing = 0;
		};
		8D01CCC90486CAD60068D4B7 /* Resources */ = {
			isa = PBXResourcesBuildPhase;
			buildActionMask = 2147483647;
			files = (
				8D01CCCA0486CAD60068D4B7 /* InfoPlist.strings in Resources */,
				ED1E32CF1A12D21600F44531 /* SpectrumAU-Info.plist in Resources */,
				ED1E32D41A12D22900F44531 /* SpectrumCocoaView-Info.plist in Resources */,
				ED1E32D61A12D22900F44531 /* SpectrumView.xib in Resources */,
			);
			runOnlyForDeploymentPostprocessing = 0;
		};
/* End PBXResourcesBuildPhase section */

/* Begin PBXRezBuildPhase section */
		8D01CCCF0486CAD60068D4B7 /* Rez */ = {
			isa = PBXRezBuildPhase;
			buildActionMask = 2147483647;
			files = (
			);
			runOnlyForDeploymentPostprocessing = 0;
		};
/* End PBXRezBuildPhase section */

/* Begin PBXSourcesBuildPhase section */
		8BA4AE4B073EB69000A2709A /* Sources */ = {
			isa = PBXSourcesBuildPhase;
			buildActionMask = 2147483647;
			files = (
				ED50145E1A11981600FD22F4 /* SimpleSpectrum_GraphView.mm in Sources */,
				ED5014661A11981600FD22F4 /* SimpleSpectrum_ViewFactory.mm in Sources */,
				ED5014621A11981600FD22F4 /* SimpleSpectrum_UIView.mm in Sources */,
			);
			runOnlyForDeploymentPostprocessing = 0;
		};
		8D01CCCB0486CAD60068D4B7 /* Sources */ = {
			isa = PBXSourcesBuildPhase;
			buildActionMask = 2147483647;
			files = (
				EDF018861A1C2B9F000F39A8 /* CAXException.cpp in Sources */,
				EDF018741A1C2B9F000F39A8 /* CADebugPrintf.cpp in Sources */,
				EDF018531A1C2B9F000F39A8 /* SynthNote.cpp in Sources */,
				EDF0183E1A1C2B9F000F39A8 /* AUBase.cpp in Sources */,
				EDF018501A1C2B9F000F39A8 /* SynthElement.cpp in Sources */,
				EDF018591A1C2B9F000F39A8 /* AUMIDIBase.cpp in Sources */,
				ED5014761A11982A00FD22F4 /* SimpleSpectrumProcessor.cpp in Sources */,
				EDF0185F1A1C2B9F000F39A8 /* AUBuffer.cpp in Sources */,
				EDF018771A1C2B9F000F39A8 /* CAGuard.cpp in Sources */,
				EDF018701A1C2B9F000F39A8 /* CADebugger.cpp in Sources */,
				EDF018461A1C2B9F000F39A8 /* AUPlugInDispatch.cpp in Sources */,
				EDF0185D1A1C2B9F000F39A8 /* AUBaseHelper.cpp in Sources */,
				EDF018791A1C2B9F000F39A8 /* CAHostTimeBase.cpp in Sources */,
				EDF0184C1A1C2B9F000F39A8 /* AUInstrumentBase.cpp in Sources */,
				EDF018681A1C2B9F000F39A8 /* CAAUMIDIMap.cpp in Sources */,
				EDF018481A1C2B9F000F39A8 /* AUScopeElement.cpp in Sources */,
				ED06E1781A1B147300225E1C /* SimpleSpectrum.exp in Sources */,
				EDF018441A1C2B9F000F39A8 /* AUOutputElement.cpp in Sources */,
				EDF0186A1A1C2B9F000F39A8 /* CAAUMIDIMapManager.cpp in Sources */,
				EDF0184A1A1C2B9F000F39A8 /* ComponentBase.cpp in Sources */,
				EDF018421A1C2B9F000F39A8 /* AUInputElement.cpp in Sources */,
				EDF018651A1C2B9F000F39A8 /* CAAudioChannelLayout.cpp in Sources */,
				EDF0187D1A1C2B9F000F39A8 /* CAMutex.cpp in Sources */,
				EDF018551A1C2B9F000F39A8 /* SynthNoteList.cpp in Sources */,
				EDF018831A1C2B9F000F39A8 /* CAVectorUnit.cpp in Sources */,
				EDF018721A1C2B9F000F39A8 /* CADebugMacros.cpp in Sources */,
				EDF0186D1A1C2B9F000F39A8 /* CABufferList.cpp in Sources */,
				EDF0185B1A1C2B9F000F39A8 /* MusicDeviceBase.cpp in Sources */,
				ED50146F1A11982A00FD22F4 /* SimpleSpectrum.cpp in Sources */,
				EDF018671A1C2B9F000F39A8 /* CAAudioChannelLayoutObject.cpp in Sources */,
				EDF018571A1C2B9F000F39A8 /* AUEffectBase.cpp in Sources */,
				EDF018801A1C2B9F000F39A8 /* CAStreamBasicDescription.cpp in Sources */,
			);
			runOnlyForDeploymentPostprocessing = 0;
		};
/* End PBXSourcesBuildPhase section */

/* Begin PBXTargetDependency section */
		8B707176074BC40400FFC872 /* PBXTargetDependency */ = {
			isa = PBXTargetDependency;
			target = 8BA4AE4D073EB69000A2709A /* CocoaUI */;
			targetProxy = 8B707175074BC40400FFC872 /* PBXContainerItemProxy */;
		};
/* End PBXTargetDependency section */

/* Begin PBXVariantGroup section */
		089C167DFE841241C02AAC07 /* InfoPlist.strings */ = {
			isa = PBXVariantGroup;
			children = (
				089C167EFE841241C02AAC07 /* English */,
			);
			name = InfoPlist.strings;
			sourceTree = "<group>";
		};
/* End PBXVariantGroup section */

/* Begin XCBuildConfiguration section */
		3EED0942089806170095A620 /* Development */ = {
			isa = XCBuildConfiguration;
			buildSettings = {
				COMBINE_HIDPI_IMAGES = YES;
				COPY_PHASE_STRIP = NO;
				DEBUGGING_SYMBOLS = YES;
				FRAMEWORK_SEARCH_PATHS = (
					"$(PROJECT_DIR)",
					.,
				);
				GCC_DYNAMIC_NO_PIC = NO;
				GCC_ENABLE_FIX_AND_CONTINUE = YES;
				GCC_GENERATE_DEBUGGING_SYMBOLS = YES;
				GCC_OPTIMIZATION_LEVEL = 0;
				GCC_PRECOMPILE_PREFIX_HEADER = YES;
				GCC_PREFIX_HEADER = "SpectrumCocoaView-Prefix.pch";
				INFOPLIST_FILE = "SpectrumCocoaView-Info.plist";
				INSTALL_PATH = "$(USER_LIBRARY_DIR)/Bundles";
				OTHER_CFLAGS = "";
				OTHER_LDFLAGS = (
					"-framework",
					Foundation,
					"-framework",
					AppKit,
				);
				OTHER_REZFLAGS = "";
				PRODUCT_NAME = CocoaFilterView;
				SECTORDER_FLAGS = "";
				WARNING_CFLAGS = (
					"-Wmost",
					"-Wno-four-char-constants",
					"-Wno-unknown-pragmas",
				);
				ZERO_LINK = YES;
			};
			name = Development;
		};
		3EED0943089806170095A620 /* Deployment */ = {
			isa = XCBuildConfiguration;
			buildSettings = {
				COMBINE_HIDPI_IMAGES = YES;
				COPY_PHASE_STRIP = YES;
				FRAMEWORK_SEARCH_PATHS = (
					"$(PROJECT_DIR)",
					.,
				);
				GCC_ENABLE_FIX_AND_CONTINUE = NO;
				GCC_PRECOMPILE_PREFIX_HEADER = YES;
				GCC_PREFIX_HEADER = "SpectrumCocoaView-Prefix.pch";
				INFOPLIST_FILE = "SpectrumCocoaView-Info.plist";
				INSTALL_PATH = "$(USER_LIBRARY_DIR)/Bundles";
				OTHER_CFLAGS = "";
				OTHER_LDFLAGS = (
					"-framework",
					Foundation,
					"-framework",
					AppKit,
				);
				OTHER_REZFLAGS = "";
				PRODUCT_NAME = CocoaFilterView;
				SECTORDER_FLAGS = "";
				WARNING_CFLAGS = (
					"-Wmost",
					"-Wno-four-char-constants",
					"-Wno-unknown-pragmas",
				);
				ZERO_LINK = NO;
			};
			name = Deployment;
		};
		3EED0944089806170095A620 /* Default */ = {
			isa = XCBuildConfiguration;
			buildSettings = {
				COMBINE_HIDPI_IMAGES = YES;
				FRAMEWORK_SEARCH_PATHS = (
					"$(PROJECT_DIR)",
					.,
				);
				GCC_PRECOMPILE_PREFIX_HEADER = YES;
				GCC_PREFIX_HEADER = "SpectrumCocoaView-Prefix.pch";
				INFOPLIST_FILE = "SpectrumCocoaView-Info.plist";
				INSTALL_PATH = "$(USER_LIBRARY_DIR)/Bundles";
				OTHER_CFLAGS = "";
				OTHER_LDFLAGS = (
					"-framework",
					Foundation,
					"-framework",
					AppKit,
				);
				OTHER_REZFLAGS = "";
				PRODUCT_NAME = CocoaFilterView;
				SECTORDER_FLAGS = "";
				WARNING_CFLAGS = (
					"-Wmost",
					"-Wno-four-char-constants",
					"-Wno-unknown-pragmas",
				);
			};
			name = Default;
		};
		3EED0946089806170095A620 /* Development */ = {
			isa = XCBuildConfiguration;
			buildSettings = {
				COMBINE_HIDPI_IMAGES = YES;
				COPY_PHASE_STRIP = NO;
				DEBUGGING_SYMBOLS = YES;
				EXPORTED_SYMBOLS_FILE = SimpleSpectrum.exp;
				FRAMEWORK_SEARCH_PATHS = (
					.,
					"$(PROJECT_DIR)",
				);
				GCC_OPTIMIZATION_LEVEL = 0;
				GCC_PRECOMPILE_PREFIX_HEADER = YES;
				GCC_PREFIX_HEADER = "SpectrumAU-Prefix.pch";
				GCC_PREPROCESSOR_DEFINITIONS = "CA_USE_AUDIO_PLUGIN_ONLY=1";
				GENERATE_PKGINFO_FILE = YES;
				INFOPLIST_FILE = "SpectrumAU-Info.plist";
				INSTALL_PATH = "$(HOME)/Library/Audio/Plug-Ins/Components/";
				LIBRARY_STYLE = Bundle;
				MACOSX_DEPLOYMENT_TARGET = "";
				OTHER_LDFLAGS = "-bundle";
				PRODUCT_NAME = Filter;
				REZ_SEARCH_PATHS = "";
				WARNING_CFLAGS = (
					"-Wmost",
					"-Wno-four-char-constants",
					"-Wno-unknown-pragmas",
				);
				WRAPPER_EXTENSION = component;
			};
			name = Development;
		};
		3EED0947089806170095A620 /* Deployment */ = {
			isa = XCBuildConfiguration;
			buildSettings = {
				COMBINE_HIDPI_IMAGES = YES;
				DEPLOYMENT_LOCATION = YES;
				DEPLOYMENT_POSTPROCESSING = YES;
				DSTROOT = /;
				EXPORTED_SYMBOLS_FILE = SimpleSpectrum.exp;
				FRAMEWORK_SEARCH_PATHS = (
					.,
					"$(PROJECT_DIR)",
				);
				GCC_PRECOMPILE_PREFIX_HEADER = YES;
				GCC_PREFIX_HEADER = "SpectrumAU-Prefix.pch";
				GCC_PREPROCESSOR_DEFINITIONS = "CA_USE_AUDIO_PLUGIN_ONLY=1";
				GENERATE_PKGINFO_FILE = YES;
				INFOPLIST_FILE = "SpectrumAU-Info.plist";
				INSTALL_PATH = "$(HOME)/Library/Audio/Plug-Ins/Components/";
				LIBRARY_STYLE = Bundle;
				MACOSX_DEPLOYMENT_TARGET = "";
				OTHER_LDFLAGS = "-bundle";
				PRODUCT_NAME = Filter;
				REZ_SEARCH_PATHS = "";
				WARNING_CFLAGS = (
					"-Wmost",
					"-Wno-four-char-constants",
					"-Wno-unknown-pragmas",
				);
				WRAPPER_EXTENSION = component;
			};
			name = Deployment;
		};
		3EED0948089806170095A620 /* Default */ = {
			isa = XCBuildConfiguration;
			buildSettings = {
				COMBINE_HIDPI_IMAGES = YES;
				EXPORTED_SYMBOLS_FILE = SimpleSpectrum.exp;
				FRAMEWORK_SEARCH_PATHS = (
					.,
					"$(PROJECT_DIR)",
				);
				GCC_PRECOMPILE_PREFIX_HEADER = YES;
				GCC_PREFIX_HEADER = "SpectrumAU-Prefix.pch";
				GCC_PREPROCESSOR_DEFINITIONS = "CA_USE_AUDIO_PLUGIN_ONLY=1";
				GENERATE_PKGINFO_FILE = YES;
				INFOPLIST_FILE = "SpectrumAU-Info.plist";
				INSTALL_PATH = "$(HOME)/Library/Audio/Plug-Ins/Components/";
				LIBRARY_STYLE = Bundle;
				MACOSX_DEPLOYMENT_TARGET = "";
				OTHER_LDFLAGS = "-bundle";
				PRODUCT_NAME = Filter;
				REZ_SEARCH_PATHS = "";
				WARNING_CFLAGS = (
					"-Wmost",
					"-Wno-four-char-constants",
					"-Wno-unknown-pragmas",
				);
				WRAPPER_EXTENSION = component;
			};
			name = Default;
		};
		3EED094A089806170095A620 /* Development */ = {
			isa = XCBuildConfiguration;
			buildSettings = {
				GCC_PREFIX_HEADER = "SpectrumAU-Prefix.pch";
				MACOSX_DEPLOYMENT_TARGET = 10.9;
				SDKROOT = macosx;
			};
			name = Development;
		};
		3EED094B089806170095A620 /* Deployment */ = {
			isa = XCBuildConfiguration;
			buildSettings = {
				GCC_PREFIX_HEADER = "SpectrumAU-Prefix.pch";
				MACOSX_DEPLOYMENT_TARGET = 10.9;
				SDKROOT = macosx;
			};
			name = Deployment;
		};
		3EED094C089806170095A620 /* Default */ = {
			isa = XCBuildConfiguration;
			buildSettings = {
				GCC_PREFIX_HEADER = "SpectrumAU-Prefix.pch";
				MACOSX_DEPLOYMENT_TARGET = 10.9;
				SDKROOT = macosx;
			};
			name = Default;
		};
/* End XCBuildConfiguration section */

/* Begin XCConfigurationList section */
		3EED0941089806170095A620 /* Build configuration list for PBXNativeTarget "CocoaUI" */ = {
			isa = XCConfigurationList;
			buildConfigurations = (
				3EED0942089806170095A620 /* Development */,
				3EED0943089806170095A620 /* Deployment */,
				3EED0944089806170095A620 /* Default */,
			);
			defaultConfigurationIsVisible = 0;
			defaultConfigurationName = Default;
		};
		3EED0945089806170095A620 /* Build configuration list for PBXNativeTarget "FilterDemo" */ = {
			isa = XCConfigurationList;
			buildConfigurations = (
				3EED0946089806170095A620 /* Development */,
				3EED0947089806170095A620 /* Deployment */,
				3EED0948089806170095A620 /* Default */,
			);
			defaultConfigurationIsVisible = 0;
			defaultConfigurationName = Default;
		};
		3EED0949089806170095A620 /* Build configuration list for PBXProject "FilterDemo" */ = {
			isa = XCConfigurationList;
			buildConfigurations = (
				3EED094A089806170095A620 /* Development */,
				3EED094B089806170095A620 /* Deployment */,
				3EED094C089806170095A620 /* Default */,
			);
			defaultConfigurationIsVisible = 0;
			defaultConfigurationName = Default;
		};
/* End XCConfigurationList section */
	};
	rootObject = 089C1669FE841209C02AAC07 /* Project object */;
}
